{
  "nodes": {
    "flake-utils": {
      "locked": {
        "lastModified": 1653893745,
        "narHash": "sha256-0jntwV3Z8//YwuOjzhV2sgJJPt+HY6KhU7VZUL0fKZQ=",
        "owner": "numtide",
        "repo": "flake-utils",
        "rev": "1ed9fb1935d260de5fe1c2f7ee0ebaae17ed2fa1",
        "type": "github"
      },
      "original": {
        "owner": "numtide",
        "repo": "flake-utils",
        "type": "github"
      }
    },
    "nix-filter": {
      "locked": {
        "lastModified": 1653590866,
        "narHash": "sha256-E4yKIrt/S//WfW5D9IhQ1dVuaAy8RE7EiCMfnbrOC78=",
        "owner": "numtide",
        "repo": "nix-filter",
        "rev": "3e81a637cdf9f6e9b39aeb4d6e6394d1ad158e16",
        "type": "github"
      },
      "original": {
        "owner": "numtide",
        "repo": "nix-filter",
        "type": "github"
      }
    },
    "nixpkgs": {
      "locked": {
        "lastModified": 1655805120,
        "narHash": "sha256-F/DgvnZZYbiepilvRBzvmLGlswoMdeHD6uqtjz6Xrbk=",
        "owner": "nixos",
        "repo": "nixpkgs",
        "rev": "b404c4ae49b0707a55e9afdeb3653cc2487d69cc",
        "type": "github"
      },
      "original": {
        "owner": "nixos",
        "ref": "master",
        "repo": "nixpkgs",
        "type": "github"
      }
    },
    "root": {
      "inputs": {
        "flake-utils": "flake-utils",
        "nix-filter": "nix-filter",
        "nixpkgs": "nixpkgs"
      }
    }
  },
  "root": "root",
  "version": 7
}
