lockfileVersion: '9.0'

settings:
  autoInstallPeers: true
  excludeLinksFromLockfile: false

importers:

  .:
    dependencies:
      '@swc/core':
        specifier: ^1.6.5
        version: 1.11.5
      graphql-ws:
        specifier: ^6.0.4
        version: 6.0.4(graphql@16.10.0)
      jsonwebtoken:
        specifier: ^9.0.2
        version: 9.0.2
      jwks-rsa:
        specifier: ^3.1.0
        version: 3.1.0

packages:

  '@swc/core-darwin-arm64@1.11.5':
    resolution: {integrity: sha512-GEd1hzEx0mSGkJYMFMGLnrGgjL2rOsOsuYWyjyiA3WLmhD7o+n/EWBDo6mzD/9aeF8dzSPC0TnW216gJbvrNzA==}
    engines: {node: '>=10'}
    cpu: [arm64]
    os: [darwin]

  '@swc/core-darwin-x64@1.11.5':
    resolution: {integrity: sha512-toz04z9wAClVvQSEY3xzrgyyeWBAfMWcKG4K0ugNvO56h/wczi2ZHRlnAXZW1tghKBk3z6MXqa/srfXgNhffKw==}
    engines: {node: '>=10'}
    cpu: [x64]
    os: [darwin]

  '@swc/core-linux-arm-gnueabihf@1.11.5':
    resolution: {integrity: sha512-5SjmKxXdwbBpsYGTpgeXOXMIjS563/ntRGn8Zc12H/c4VfPrRLGhgbJ/48z2XVFyBLcw7BCHZyFuVX1+ZI3W0Q==}
    engines: {node: '>=10'}
    cpu: [arm]
    os: [linux]

  '@swc/core-linux-arm64-gnu@1.11.5':
    resolution: {integrity: sha512-pydIlInHRzRIwB0NHblz3Dx58H/bsi0I5F2deLf9iOmwPNuOGcEEZF1Qatc7YIjP5DFbXK+Dcz+pMUZb2cc2MQ==}
    engines: {node: '>=10'}
    cpu: [arm64]
    os: [linux]

  '@swc/core-linux-arm64-musl@1.11.5':
    resolution: {integrity: sha512-LhBHKjkZq5tJF1Lh0NJFpx7ROnCWLckrlIAIdSt9XfOV+zuEXJQOj+NFcM1eNk17GFfFyUMOZyGZxzYq5dveEQ==}
    engines: {node: '>=10'}
    cpu: [arm64]
    os: [linux]

  '@swc/core-linux-x64-gnu@1.11.5':
    resolution: {integrity: sha512-dCi4xkxXlsk5sQYb3i413Cfh7+wMJeBYTvBZTD5xh+/DgRtIcIJLYJ2tNjWC4/C2i5fj+Ze9bKNSdd8weRWZ3A==}
    engines: {node: '>=10'}
    cpu: [x64]
    os: [linux]

  '@swc/core-linux-x64-musl@1.11.5':
    resolution: {integrity: sha512-K0AC4TreM5Oo/tXNXnE/Gf5+5y/HwUdd7xvUjOpZddcX/RlsbYOKWLgOtA3fdFIuta7XC+vrGKmIhm5l70DSVQ==}
    engines: {node: '>=10'}
    cpu: [x64]
    os: [linux]

  '@swc/core-win32-arm64-msvc@1.11.5':
    resolution: {integrity: sha512-wzum8sYUsvPY7kgUfuqVYTgIPYmBC8KPksoNM1fz5UfhudU0ciQuYvUBD47GIGOevaoxhLkjPH4CB95vh1mJ9w==}
    engines: {node: '>=10'}
    cpu: [arm64]
    os: [win32]

  '@swc/core-win32-ia32-msvc@1.11.5':
    resolution: {integrity: sha512-lco7mw0TPRTpVPR6NwggJpjdUkAboGRkLrDHjIsUaR+Y5+0m5FMMkHOMxWXAbrBS5c4ph7QErp4Lma4r9Mn5og==}
    engines: {node: '>=10'}
    cpu: [ia32]
    os: [win32]

  '@swc/core-win32-x64-msvc@1.11.5':
    resolution: {integrity: sha512-E+DApLSC6JRK8VkDa4bNsBdD7Qoomx1HvKVZpOXl9v94hUZI5GMExl4vU5isvb+hPWL7rZ0NeI7ITnVLgLJRbA==}
    engines: {node: '>=10'}
    cpu: [x64]
    os: [win32]

  '@swc/core@1.11.5':
    resolution: {integrity: sha512-EVY7zfpehxhTZXOfy508gb3D78ihoGGmvyiTWtlBPjgIaidP1Xw0naHMD78CWiFlZmeDjKXJufGtsEGOnZdmNA==}
    engines: {node: '>=10'}
    peerDependencies:
      '@swc/helpers': '*'
    peerDependenciesMeta:
      '@swc/helpers':
        optional: true

  '@swc/counter@0.1.3':
    resolution: {integrity: sha512-e2BR4lsJkkRlKZ/qCHPw9ZaSxc0MVUd7gtbtaB7aMvHeJVYe8sOB8DBZkP2DtISHGSku9sCK6T6cnY0CtXrOCQ==}

  '@swc/types@0.1.19':
    resolution: {integrity: sha512-WkAZaAfj44kh/UFdAQcrMP1I0nwRqpt27u+08LMBYMqmQfwwMofYoMh/48NGkMMRfC4ynpfwRbJuu8ErfNloeA==}

  '@types/body-parser@1.19.5':
    resolution: {integrity: sha512-fB3Zu92ucau0iQ0JMCFQE7b/dv8Ot07NI3KaZIkIUNXq82k4eBAqUaneXfleGY9JWskeS9y+u0nXMyspcuQrCg==}

  '@types/connect@3.4.38':
    resolution: {integrity: sha512-K6uROf1LD88uDQqJCktA4yzL1YYAK6NgfsI0v/mTgyPKWsX1CnJ0XPSDhViejru1GcRkLWb8RlzFYJRqGUbaug==}

  '@types/express-serve-static-core@4.19.6':
    resolution: {integrity: sha512-N4LZ2xG7DatVqhCZzOGb1Yi5lMbXSZcmdLDe9EzSndPV2HpWYWzRbaerl2n27irrm94EPpprqa8KpskPT085+A==}

  '@types/express@4.17.21':
    resolution: {integrity: sha512-ejlPM315qwLpaQlQDTjPdsUFSc6ZsP4AN6AlWnogPjQ7CVi7PYF3YVz+CY3jE2pwYf7E/7HlDAN0rV2GxTG0HQ==}

  '@types/http-errors@2.0.4':
    resolution: {integrity: sha512-D0CFMMtydbJAegzOyHjtiKPLlvnm3iTZyZRSZoLq2mRhDdmLfIWOCYPfQJ4cu2erKghU++QvjcUjp/5h7hESpA==}

  '@types/jsonwebtoken@9.0.9':
    resolution: {integrity: sha512-uoe+GxEuHbvy12OUQct2X9JenKM3qAscquYymuQN4fMWG9DBQtykrQEFcAbVACF7qaLw9BePSodUL0kquqBJpQ==}

  '@types/mime@1.3.5':
    resolution: {integrity: sha512-/pyBZWSLD2n0dcHE3hq8s8ZvcETHtEuF+3E7XVt0Ig2nvsVQXdghHVcEkIWjy9A0wKfTn97a/PSDYohKIlnP/w==}

  '@types/ms@2.1.0':
    resolution: {integrity: sha512-GsCCIZDE/p3i96vtEqx+7dBUGXrc7zeSK3wwPHIaRThS+9OhWIXRqzs4d6k1SVU8g91DrNRWxWUGhp5KXQb2VA==}

  '@types/node@22.13.5':
    resolution: {integrity: sha512-+lTU0PxZXn0Dr1NBtC7Y8cR21AJr87dLLU953CWA6pMxxv/UDc7jYAY90upcrie1nRcD6XNG5HOYEDtgW5TxAg==}

  '@types/qs@6.9.18':
    resolution: {integrity: sha512-kK7dgTYDyGqS+e2Q4aK9X3D7q234CIZ1Bv0q/7Z5IwRDoADNU81xXJK/YVyLbLTZCoIwUoDoffFeF+p/eIklAA==}

  '@types/range-parser@1.2.7':
    resolution: {integrity: sha512-hKormJbkJqzQGhziax5PItDUTMAM9uE2XXQmM37dyd4hVM+5aVl7oVxMVUiVQn2oCQFN/LKCZdvSM0pFRqbSmQ==}

  '@types/send@0.17.4':
    resolution: {integrity: sha512-x2EM6TJOybec7c52BX0ZspPodMsQUd5L6PRwOunVyVUhXiBSKf3AezDL8Dgvgt5o0UfKNfuA0eMLr2wLT4AiBA==}

  '@types/serve-static@1.15.7':
    resolution: {integrity: sha512-W8Ym+h8nhuRwaKPaDw34QUkwsGi6Rc4yYqvKFo5rm2FUEhCFbzVWrxXUxuKK8TASjWsysJY0nsmNCGhCOIsrOw==}

  buffer-equal-constant-time@1.0.1:
    resolution: {integrity: sha512-zRpUiDwd/xk6ADqPMATG8vc9VPrkck7T07OIx0gnjmJAnHnTVXNQG3vfvWNuiZIkwu9KrKdA1iJKfsfTVxE6NA==}

  debug@4.4.0:
    resolution: {integrity: sha512-6WTZ/IxCY/T6BALoZHaE4ctp9xm+Z5kY/pzYaCHRFeyVhojxlrm+46y68HA6hr0TcwEssoxNiDEUJQjfPZ/RYA==}
    engines: {node: '>=6.0'}
    peerDependencies:
      supports-color: '*'
    peerDependenciesMeta:
      supports-color:
        optional: true

  ecdsa-sig-formatter@1.0.11:
    resolution: {integrity: sha512-nagl3RYrbNv6kQkeJIpt6NJZy8twLB/2vtz6yN9Z4vRKHN4/QZJIEbqohALSgwKdnksuY3k5Addp5lg8sVoVcQ==}

  graphql-ws@6.0.4:
    resolution: {integrity: sha512-8b4OZtNOvv8+NZva8HXamrc0y1jluYC0+13gdh7198FKjVzXyTvVc95DCwGzaKEfn3YuWZxUqjJlHe3qKM/F2g==}
    engines: {node: '>=20'}
    peerDependencies:
      '@fastify/websocket': ^10 || ^11
      graphql: ^15.10.1 || ^16
      uWebSockets.js: ^20
      ws: ^8
    peerDependenciesMeta:
      '@fastify/websocket':
        optional: true
      uWebSockets.js:
        optional: true
      ws:
        optional: true

  graphql@16.10.0:
    resolution: {integrity: sha512-AjqGKbDGUFRKIRCP9tCKiIGHyriz2oHEbPIbEtcSLSs4YjReZOIPQQWek4+6hjw62H9QShXHyaGivGiYVLeYFQ==}
    engines: {node: ^12.22.0 || ^14.16.0 || ^16.0.0 || >=17.0.0}

  jose@4.15.9:
    resolution: {integrity: sha512-1vUQX+IdDMVPj4k8kOxgUqlcK518yluMuGZwqlr44FS1ppZB/5GWh4rZG89erpOBOJjU/OBsnCVFfapsRz6nEA==}

  jsonwebtoken@9.0.2:
    resolution: {integrity: sha512-PRp66vJ865SSqOlgqS8hujT5U4AOgMfhrwYIuIhfKaoSCZcirrmASQr8CX7cUg+RMih+hgznrjp99o+W4pJLHQ==}
    engines: {node: '>=12', npm: '>=6'}

  jwa@1.4.1:
    resolution: {integrity: sha512-qiLX/xhEEFKUAJ6FiBMbes3w9ATzyk5W7Hvzpa/SLYdxNtng+gcurvrI7TbACjIXlsJyr05/S1oUhZrc63evQA==}

  jwks-rsa@3.1.0:
    resolution: {integrity: sha512-v7nqlfezb9YfHHzYII3ef2a2j1XnGeSE/bK3WfumaYCqONAIstJbrEGapz4kadScZzEt7zYCN7bucj8C0Mv/Rg==}
    engines: {node: '>=14'}

  jws@3.2.2:
    resolution: {integrity: sha512-YHlZCB6lMTllWDtSPHz/ZXTsi8S00usEV6v1tjq8tOUZzw7DpSDWVXjXDre6ed1w/pd495ODpHZYSdkRTsa0HA==}

  limiter@1.1.5:
    resolution: {integrity: sha512-FWWMIEOxz3GwUI4Ts/IvgVy6LPvoMPgjMdQ185nN6psJyBJ4yOpzqm695/h5umdLJg2vW3GR5iG11MAkR2AzJA==}

  lodash.clonedeep@4.5.0:
    resolution: {integrity: sha512-H5ZhCF25riFd9uB5UCkVKo61m3S/xZk1x4wA6yp/L3RFP6Z/eHH1ymQcGLo7J3GMPfm0V/7m1tryHuGVxpqEBQ==}

  lodash.includes@4.3.0:
    resolution: {integrity: sha512-W3Bx6mdkRTGtlJISOvVD/lbqjTlPPUDTMnlXZFnVwi9NKJ6tiAk6LVdlhZMm17VZisqhKcgzpO5Wz91PCt5b0w==}

  lodash.isboolean@3.0.3:
    resolution: {integrity: sha512-Bz5mupy2SVbPHURB98VAcw+aHh4vRV5IPNhILUCsOzRmsTmSQ17jIuqopAentWoehktxGd9e/hbIXq980/1QJg==}

  lodash.isinteger@4.0.4:
    resolution: {integrity: sha512-DBwtEWN2caHQ9/imiNeEA5ys1JoRtRfY3d7V9wkqtbycnAmTvRRmbHKDV4a0EYc678/dia0jrte4tjYwVBaZUA==}

  lodash.isnumber@3.0.3:
    resolution: {integrity: sha512-QYqzpfwO3/CWf3XP+Z+tkQsfaLL/EnUlXWVkIk5FUPc4sBdTehEqZONuyRt2P67PXAk+NXmTBcc97zw9t1FQrw==}

  lodash.isplainobject@4.0.6:
    resolution: {integrity: sha512-oSXzaWypCMHkPC3NvBEaPHf0KsA5mvPrOPgQWDsbg8n7orZ290M0BmC/jgRZ4vcJ6DTAhjrsSYgdsW/F+MFOBA==}

  lodash.isstring@4.0.1:
    resolution: {integrity: sha512-0wJxfxH1wgO3GrbuP+dTTk7op+6L41QCXbGINEmD+ny/G/eCqGzxyCsh7159S+mgDDcoarnBw6PC1PS5+wUGgw==}

  lodash.once@4.1.1:
    resolution: {integrity: sha512-Sb487aTOCr9drQVL8pIxOzVhafOjZN9UU54hiN8PU3uAiSV7lx1yYNpbNmex2PK6dSJoNTSJUUswT651yww3Mg==}

  lru-cache@6.0.0:
    resolution: {integrity: sha512-Jo6dJ04CmSjuznwJSS3pUeWmd/H0ffTlkXXgwZi+eq1UCmqQwCh+eLsYOYCwY991i2Fah4h1BEMCx4qThGbsiA==}
    engines: {node: '>=10'}

  lru-memoizer@2.3.0:
    resolution: {integrity: sha512-GXn7gyHAMhO13WSKrIiNfztwxodVsP8IoZ3XfrJV4yH2x0/OeTO/FIaAHTY5YekdGgW94njfuKmyyt1E0mR6Ug==}

  ms@2.1.3:
    resolution: {integrity: sha512-6FlzubTLZG3J2a/NVCAleEhjzq5oxgHyaCU9yYXvcLsvoVaHJq/s5xXI6/XXP6tz7R9xAOtHnSO/tXtF3WRTlA==}

  safe-buffer@5.2.1:
    resolution: {integrity: sha512-rp3So07KcdmmKbGvgaNxQSJr7bGVSVk5S9Eq1F+ppbRo70+YeaDxkw5Dd8NPN+GD6bjnYm2VuPuCXmpuYvmCXQ==}

  semver@7.7.1:
    resolution: {integrity: sha512-hlq8tAfn0m/61p4BVRcPzIGr6LKiMwo4VM6dGi6pt4qcRkmNzTcWq6eCEjEh+qXjkMDvPlOFFSGwQjoEa6gyMA==}
    engines: {node: '>=10'}
    hasBin: true

  undici-types@6.20.0:
    resolution: {integrity: sha512-Ny6QZ2Nju20vw1SRHe3d9jVu6gJ+4e3+MMpqu7pqE5HT6WsTSlce++GQmK5UXS8mzV8DSYHrQH+Xrf2jVcuKNg==}

  yallist@4.0.0:
    resolution: {integrity: sha512-3wdGidZyq5PB084XLES5TpOSRA3wjXAlIWMhum2kRcv/41Sn2emQ0dycQW4uZXLejwKvg6EsvbdlVL+FYEct7A==}

snapshots:

  '@swc/core-darwin-arm64@1.11.5':
    optional: true

  '@swc/core-darwin-x64@1.11.5':
    optional: true

  '@swc/core-linux-arm-gnueabihf@1.11.5':
    optional: true

  '@swc/core-linux-arm64-gnu@1.11.5':
    optional: true

  '@swc/core-linux-arm64-musl@1.11.5':
    optional: true

  '@swc/core-linux-x64-gnu@1.11.5':
    optional: true

  '@swc/core-linux-x64-musl@1.11.5':
    optional: true

  '@swc/core-win32-arm64-msvc@1.11.5':
    optional: true

  '@swc/core-win32-ia32-msvc@1.11.5':
    optional: true

  '@swc/core-win32-x64-msvc@1.11.5':
    optional: true

  '@swc/core@1.11.5':
    dependencies:
      '@swc/counter': 0.1.3
      '@swc/types': 0.1.19
    optionalDependencies:
      '@swc/core-darwin-arm64': 1.11.5
      '@swc/core-darwin-x64': 1.11.5
      '@swc/core-linux-arm-gnueabihf': 1.11.5
      '@swc/core-linux-arm64-gnu': 1.11.5
      '@swc/core-linux-arm64-musl': 1.11.5
      '@swc/core-linux-x64-gnu': 1.11.5
      '@swc/core-linux-x64-musl': 1.11.5
      '@swc/core-win32-arm64-msvc': 1.11.5
      '@swc/core-win32-ia32-msvc': 1.11.5
      '@swc/core-win32-x64-msvc': 1.11.5

  '@swc/counter@0.1.3': {}

  '@swc/types@0.1.19':
    dependencies:
      '@swc/counter': 0.1.3

  '@types/body-parser@1.19.5':
    dependencies:
      '@types/connect': 3.4.38
      '@types/node': 22.13.5

  '@types/connect@3.4.38':
    dependencies:
      '@types/node': 22.13.5

  '@types/express-serve-static-core@4.19.6':
    dependencies:
      '@types/node': 22.13.5
      '@types/qs': 6.9.18
      '@types/range-parser': 1.2.7
      '@types/send': 0.17.4

  '@types/express@4.17.21':
    dependencies:
      '@types/body-parser': 1.19.5
      '@types/express-serve-static-core': 4.19.6
      '@types/qs': 6.9.18
      '@types/serve-static': 1.15.7

  '@types/http-errors@2.0.4': {}

  '@types/jsonwebtoken@9.0.9':
    dependencies:
      '@types/ms': 2.1.0
      '@types/node': 22.13.5

  '@types/mime@1.3.5': {}

  '@types/ms@2.1.0': {}

  '@types/node@22.13.5':
    dependencies:
      undici-types: 6.20.0

  '@types/qs@6.9.18': {}

  '@types/range-parser@1.2.7': {}

  '@types/send@0.17.4':
    dependencies:
      '@types/mime': 1.3.5
      '@types/node': 22.13.5

  '@types/serve-static@1.15.7':
    dependencies:
      '@types/http-errors': 2.0.4
      '@types/node': 22.13.5
      '@types/send': 0.17.4

  buffer-equal-constant-time@1.0.1: {}

  debug@4.4.0:
    dependencies:
      ms: 2.1.3

  ecdsa-sig-formatter@1.0.11:
    dependencies:
      safe-buffer: 5.2.1

  graphql-ws@6.0.4(graphql@16.10.0):
    dependencies:
      graphql: 16.10.0

  graphql@16.10.0: {}

  jose@4.15.9: {}

  jsonwebtoken@9.0.2:
    dependencies:
      jws: 3.2.2
      lodash.includes: 4.3.0
      lodash.isboolean: 3.0.3
      lodash.isinteger: 4.0.4
      lodash.isnumber: 3.0.3
      lodash.isplainobject: 4.0.6
      lodash.isstring: 4.0.1
      lodash.once: 4.1.1
      ms: 2.1.3
      semver: 7.7.1

  jwa@1.4.1:
    dependencies:
      buffer-equal-constant-time: 1.0.1
      ecdsa-sig-formatter: 1.0.11
      safe-buffer: 5.2.1

  jwks-rsa@3.1.0:
    dependencies:
      '@types/express': 4.17.21
      '@types/jsonwebtoken': 9.0.9
      debug: 4.4.0
      jose: 4.15.9
      limiter: 1.1.5
      lru-memoizer: 2.3.0
    transitivePeerDependencies:
      - supports-color

  jws@3.2.2:
    dependencies:
      jwa: 1.4.1
      safe-buffer: 5.2.1

  limiter@1.1.5: {}

  lodash.clonedeep@4.5.0: {}

  lodash.includes@4.3.0: {}

  lodash.isboolean@3.0.3: {}

  lodash.isinteger@4.0.4: {}

  lodash.isnumber@3.0.3: {}

  lodash.isplainobject@4.0.6: {}

  lodash.isstring@4.0.1: {}

  lodash.once@4.1.1: {}

  lru-cache@6.0.0:
    dependencies:
      yallist: 4.0.0

  lru-memoizer@2.3.0:
    dependencies:
      lodash.clonedeep: 4.5.0
      lru-cache: 6.0.0

  ms@2.1.3: {}

  safe-buffer@5.2.1: {}

  semver@7.7.1: {}

  undici-types@6.20.0: {}

  yallist@4.0.0: {}
